
Microsoft Visual Studio Solution File, Format Version 12.00
# Visual Studio Version 17
VisualStudioVersion = 17.14.36414.22 d17.14
MinimumVisualStudioVersion = 10.0.40219.1
Project("{FAE04EC0-301F-11D3-BF4B-00C04F79EFBC}") = "AZ-AI-Speech-SpeechToText", "AZ-AI-Speech-SpeechToText\AZ-AI-Speech-SpeechToText.csproj", "{6EBCBAEE-6BDE-46E8-9C47-DB2959782AC1}"
EndProject
Global
	GlobalSection(SolutionConfigurationPlatforms) = preSolution
		Debug|Any CPU = Debug|Any CPU
		Release|Any CPU = Release|Any CPU
	EndGlobalSection
	GlobalSection(ProjectConfigurationPlatforms) = postSolution
		{6EBCBAEE-6BDE-46E8-9C47-DB2959782AC1}.Debug|Any CPU.ActiveCfg = Debug|Any CPU
		{6EBCBAEE-6BDE-46E8-9C47-DB2959782AC1}.Debug|Any CPU.Build.0 = Debug|Any CPU
		{6EBCBAEE-6BDE-46E8-9C47-DB2959782AC1}.Release|Any CPU.ActiveCfg = Release|Any CPU
		{6EBCBAEE-6BDE-46E8-9C47-DB2959782AC1}.Release|Any CPU.Build.0 = Release|Any CPU
	EndGlobalSection
	GlobalSection(SolutionProperties) = preSolution
		HideSolutionNode = FALSE
	EndGlobalSection
	GlobalSection(ExtensibilityGlobals) = postSolution
		SolutionGuid = {EBAB9D73-25F3-425F-91C1-61FDE8C6486F}
	EndGlobalSection
EndGlobal
